
Microsoft Visual Studio Solution File, Format Version 12.00
# Visual Studio Version 16
VisualStudioVersion = 16.0.31025.194
MinimumVisualStudioVersion = 10.0.40219.1
Project("{FAE04EC0-301F-11D3-BF4B-00C04F79EFBC}") = "OneDimentionalArrays", "OneDimentionalArrays.csproj", "{2FBB83FA-324C-4B16-B573-9700CE73C809}"
EndProject
Global
	GlobalSection(SolutionConfigurationPlatforms) = preSolution
		Debug|Any CPU = Debug|Any CPU
		Release|Any CPU = Release|Any CPU
	EndGlobalSection
	GlobalSection(ProjectConfigurationPlatforms) = postSolution
		{2FBB83FA-324C-4B16-B573-9700CE73C809}.Debug|Any CPU.ActiveCfg = Debug|Any CPU
		{2FBB83FA-324C-4B16-B573-9700CE73C809}.Debug|Any CPU.Build.0 = Debug|Any CPU
		{2FBB83FA-324C-4B16-B573-9700CE73C809}.Release|Any CPU.ActiveCfg = Release|Any CPU
		{2FBB83FA-324C-4B16-B573-9700CE73C809}.Release|Any CPU.Build.0 = Release|Any CPU
	EndGlobalSection
	GlobalSection(SolutionProperties) = preSolution
		HideSolutionNode = FALSE
	EndGlobalSection
	GlobalSection(ExtensibilityGlobals) = postSolution
		SolutionGuid = {D18DB8C4-141F-433A-9D8A-930250DAAB9A}
	EndGlobalSection
EndGlobal
